// !$*UTF8*$!
{
	archiveVersion = 1;
	classes = {
	};
	objectVersion = 50;
	objects = {

/* Begin PBXBuildFile section */
		287A5BD423DA2AD200A81657 /* MovieCell.swift in Sources */ = {isa = PBXBuildFile; fileRef = 287A5BD323DA2AD200A81657 /* MovieCell.swift */; };
		289139C823D914D200910C98 /* AppDelegate.swift in Sources */ = {isa = PBXBuildFile; fileRef = 289139C723D914D200910C98 /* AppDelegate.swift */; };
		289139CA23D914D200910C98 /* SceneDelegate.swift in Sources */ = {isa = PBXBuildFile; fileRef = 289139C923D914D200910C98 /* SceneDelegate.swift */; };
		289139CF23D914D200910C98 /* Main.storyboard in Resources */ = {isa = PBXBuildFile; fileRef = 289139CD23D914D200910C98 /* Main.storyboard */; };
		289139D123D914D500910C98 /* Assets.xcassets in Resources */ = {isa = PBXBuildFile; fileRef = 289139D023D914D500910C98 /* Assets.xcassets */; };
		289139D423D914D500910C98 /* LaunchScreen.storyboard in Resources */ = {isa = PBXBuildFile; fileRef = 289139D223D914D500910C98 /* LaunchScreen.storyboard */; };
		289139DF23D914D500910C98 /* FlixTests.swift in Sources */ = {isa = PBXBuildFile; fileRef = 289139DE23D914D500910C98 /* FlixTests.swift */; };
		289139EA23D914D500910C98 /* FlixUITests.swift in Sources */ = {isa = PBXBuildFile; fileRef = 289139E923D914D500910C98 /* FlixUITests.swift */; };
		289139F823D956AF00910C98 /* MoviesViewController.swift in Sources */ = {isa = PBXBuildFile; fileRef = 289139F723D956AF00910C98 /* MoviesViewController.swift */; };
		7C06AF2A0E1D400B9BD3AD03 /* Pods_FlixTests.framework in Frameworks */ = {isa = PBXBuildFile; fileRef = 3699C9FDB439BFEA677B005A /* Pods_FlixTests.framework */; };
		C32AB7BEAC13766523B0A014 /* Pods_Flix.framework in Frameworks */ = {isa = PBXBuildFile; fileRef = 69CD56A19F864DDDE9900B49 /* Pods_Flix.framework */; };
		FBCC9E31B5495A71ABC6BA49 /* Pods_Flix_FlixUITests.framework in Frameworks */ = {isa = PBXBuildFile; fileRef = D2A4716FC21A72404D120942 /* Pods_Flix_FlixUITests.framework */; };
/* End PBXBuildFile section */

/* Begin PBXContainerItemProxy section */
		289139DB23D914D500910C98 /* PBXContainerItemProxy */ = {
			isa = PBXContainerItemProxy;
			containerPortal = 289139BC23D914D200910C98 /* Project object */;
			proxyType = 1;
			remoteGlobalIDString = 289139C323D914D200910C98;
			remoteInfo = Flix;
		};
		289139E623D914D500910C98 /* PBXContainerItemProxy */ = {
			isa = PBXContainerItemProxy;
			containerPortal = 289139BC23D914D200910C98 /* Project object */;
			proxyType = 1;
			remoteGlobalIDString = 289139C323D914D200910C98;
			remoteInfo = Flix;
		};
/* End PBXContainerItemProxy section */

/* Begin PBXFileReference section */
		16F40D3C981EA62FE909C849 /* Pods-FlixTests.release.xcconfig */ = {isa = PBXFileReference; includeInIndex = 1; lastKnownFileType = text.xcconfig; name = "Pods-FlixTests.release.xcconfig"; path = "Target Support Files/Pods-FlixTests/Pods-FlixTests.release.xcconfig"; sourceTree = "<group>"; };
		287A5BD323DA2AD200A81657 /* MovieCell.swift */ = {isa = PBXFileReference; lastKnownFileType = sourcecode.swift; path = MovieCell.swift; sourceTree = "<group>"; };
		289139C423D914D200910C98 /* Flix.app */ = {isa = PBXFileReference; explicitFileType = wrapper.application; includeInIndex = 0; path = Flix.app; sourceTree = BUILT_PRODUCTS_DIR; };
		289139C723D914D200910C98 /* AppDelegate.swift */ = {isa = PBXFileReference; lastKnownFileType = sourcecode.swift; path = AppDelegate.swift; sourceTree = "<group>"; };
		289139C923D914D200910C98 /* SceneDelegate.swift */ = {isa = PBXFileReference; lastKnownFileType = sourcecode.swift; path = SceneDelegate.swift; sourceTree = "<group>"; };
		289139CE23D914D200910C98 /* Base */ = {isa = PBXFileReference; lastKnownFileType = file.storyboard; name = Base; path = Base.lproj/Main.storyboard; sourceTree = "<group>"; };
		289139D023D914D500910C98 /* Assets.xcassets */ = {isa = PBXFileReference; lastKnownFileType = folder.assetcatalog; path = Assets.xcassets; sourceTree = "<group>"; };
		289139D323D914D500910C98 /* Base */ = {isa = PBXFileReference; lastKnownFileType = file.storyboard; name = Base; path = Base.lproj/LaunchScreen.storyboard; sourceTree = "<group>"; };
		289139D523D914D500910C98 /* Info.plist */ = {isa = PBXFileReference; lastKnownFileType = text.plist.xml; path = Info.plist; sourceTree = "<group>"; };
		289139DA23D914D500910C98 /* FlixTests.xctest */ = {isa = PBXFileReference; explicitFileType = wrapper.cfbundle; includeInIndex = 0; path = FlixTests.xctest; sourceTree = BUILT_PRODUCTS_DIR; };
		289139DE23D914D500910C98 /* FlixTests.swift */ = {isa = PBXFileReference; lastKnownFileType = sourcecode.swift; path = FlixTests.swift; sourceTree = "<group>"; };
		289139E023D914D500910C98 /* Info.plist */ = {isa = PBXFileReference; lastKnownFileType = text.plist.xml; path = Info.plist; sourceTree = "<group>"; };
		289139E523D914D500910C98 /* FlixUITests.xctest */ = {isa = PBXFileReference; explicitFileType = wrapper.cfbundle; includeInIndex = 0; path = FlixUITests.xctest; sourceTree = BUILT_PRODUCTS_DIR; };
		289139E923D914D500910C98 /* FlixUITests.swift */ = {isa = PBXFileReference; lastKnownFileType = sourcecode.swift; path = FlixUITests.swift; sourceTree = "<group>"; };
		289139EB23D914D500910C98 /* Info.plist */ = {isa = PBXFileReference; lastKnownFileType = text.plist.xml; path = Info.plist; sourceTree = "<group>"; };
		289139F723D956AF00910C98 /* MoviesViewController.swift */ = {isa = PBXFileReference; lastKnownFileType = sourcecode.swift; path = MoviesViewController.swift; sourceTree = "<group>"; };
		3699C9FDB439BFEA677B005A /* Pods_FlixTests.framework */ = {isa = PBXFileReference; explicitFileType = wrapper.framework; includeInIndex = 0; path = Pods_FlixTests.framework; sourceTree = BUILT_PRODUCTS_DIR; };
		39DCBDC0D9A6B84EF3F009B9 /* Pods-FlixTests.debug.xcconfig */ = {isa = PBXFileReference; includeInIndex = 1; lastKnownFileType = text.xcconfig; name = "Pods-FlixTests.debug.xcconfig"; path = "Target Support Files/Pods-FlixTests/Pods-FlixTests.debug.xcconfig"; sourceTree = "<group>"; };
		69CD56A19F864DDDE9900B49 /* Pods_Flix.framework */ = {isa = PBXFileReference; explicitFileType = wrapper.framework; includeInIndex = 0; path = Pods_Flix.framework; sourceTree = BUILT_PRODUCTS_DIR; };
		6FDDC00D3184181DFE151E83 /* Pods-Flix-FlixUITests.debug.xcconfig */ = {isa = PBXFileReference; includeInIndex = 1; lastKnownFileType = text.xcconfig; name = "Pods-Flix-FlixUITests.debug.xcconfig"; path = "Target Support Files/Pods-Flix-FlixUITests/Pods-Flix-FlixUITests.debug.xcconfig"; sourceTree = "<group>"; };
		80FF938168D5BC99FF455A89 /* Pods-Flix-FlixUITests.release.xcconfig */ = {isa = PBXFileReference; includeInIndex = 1; lastKnownFileType = text.xcconfig; name = "Pods-Flix-FlixUITests.release.xcconfig"; path = "Target Support Files/Pods-Flix-FlixUITests/Pods-Flix-FlixUITests.release.xcconfig"; sourceTree = "<group>"; };
		C1ED290BB145147A9C851E9B /* Pods-Flix.debug.xcconfig */ = {isa = PBXFileReference; includeInIndex = 1; lastKnownFileType = text.xcconfig; name = "Pods-Flix.debug.xcconfig"; path = "Target Support Files/Pods-Flix/Pods-Flix.debug.xcconfig"; sourceTree = "<group>"; };
		D2A4716FC21A72404D120942 /* Pods_Flix_FlixUITests.framework */ = {isa = PBXFileReference; explicitFileType = wrapper.framework; includeInIndex = 0; path = Pods_Flix_FlixUITests.framework; sourceTree = BUILT_PRODUCTS_DIR; };
		DFF8EA88F566F191F68B6FA6 /* Pods-Flix.release.xcconfig */ = {isa = PBXFileReference; includeInIndex = 1; lastKnownFileType = text.xcconfig; name = "Pods-Flix.release.xcconfig"; path = "Target Support Files/Pods-Flix/Pods-Flix.release.xcconfig"; sourceTree = "<group>"; };
/* End PBXFileReference section */

/* Begin PBXFrameworksBuildPhase section */
		289139C123D914D200910C98 /* Frameworks */ = {
			isa = PBXFrameworksBuildPhase;
			buildActionMask = 2147483647;
			files = (
				C32AB7BEAC13766523B0A014 /* Pods_Flix.framework in Frameworks */,
			);
			runOnlyForDeploymentPostprocessing = 0;
		};
		289139D723D914D500910C98 /* Frameworks */ = {
			isa = PBXFrameworksBuildPhase;
			buildActionMask = 2147483647;
			files = (
				7C06AF2A0E1D400B9BD3AD03 /* Pods_FlixTests.framework in Frameworks */,
			);
			runOnlyForDeploymentPostprocessing = 0;
		};
		289139E223D914D500910C98 /* Frameworks */ = {
			isa = PBXFrameworksBuildPhase;
			buildActionMask = 2147483647;
			files = (
				FBCC9E31B5495A71ABC6BA49 /* Pods_Flix_FlixUITests.framework in Frameworks */,
			);
			runOnlyForDeploymentPostprocessing = 0;
		};
/* End PBXFrameworksBuildPhase section */

/* Begin PBXGroup section */
		01DA3347D93A09942D3D4EA8 /* Pods */ = {
			isa = PBXGroup;
			children = (
				C1ED290BB145147A9C851E9B /* Pods-Flix.debug.xcconfig */,
				DFF8EA88F566F191F68B6FA6 /* Pods-Flix.release.xcconfig */,
				6FDDC00D3184181DFE151E83 /* Pods-Flix-FlixUITests.debug.xcconfig */,
				80FF938168D5BC99FF455A89 /* Pods-Flix-FlixUITests.release.xcconfig */,
				39DCBDC0D9A6B84EF3F009B9 /* Pods-FlixTests.debug.xcconfig */,
				16F40D3C981EA62FE909C849 /* Pods-FlixTests.release.xcconfig */,
			);
			name = Pods;
			path = Pods;
			sourceTree = "<group>";
		};
		289139BB23D914D200910C98 = {
			isa = PBXGroup;
			children = (
				289139C623D914D200910C98 /* Flix */,
				289139DD23D914D500910C98 /* FlixTests */,
				289139E823D914D500910C98 /* FlixUITests */,
				289139C523D914D200910C98 /* Products */,
				01DA3347D93A09942D3D4EA8 /* Pods */,
				CB01017F4565236EFDF79BCD /* Frameworks */,
			);
			sourceTree = "<group>";
		};
		289139C523D914D200910C98 /* Products */ = {
			isa = PBXGroup;
			children = (
				289139C423D914D200910C98 /* Flix.app */,
				289139DA23D914D500910C98 /* FlixTests.xctest */,
				289139E523D914D500910C98 /* FlixUITests.xctest */,
			);
			name = Products;
			sourceTree = "<group>";
		};
		289139C623D914D200910C98 /* Flix */ = {
			isa = PBXGroup;
			children = (
				289139C723D914D200910C98 /* AppDelegate.swift */,
				289139C923D914D200910C98 /* SceneDelegate.swift */,
				289139CD23D914D200910C98 /* Main.storyboard */,
				287A5BD323DA2AD200A81657 /* MovieCell.swift */,
				289139D023D914D500910C98 /* Assets.xcassets */,
				289139D223D914D500910C98 /* LaunchScreen.storyboard */,
				289139D523D914D500910C98 /* Info.plist */,
				289139F723D956AF00910C98 /* MoviesViewController.swift */,
			);
			path = Flix;
			sourceTree = "<group>";
		};
		289139DD23D914D500910C98 /* FlixTests */ = {
			isa = PBXGroup;
			children = (
				289139DE23D914D500910C98 /* FlixTests.swift */,
				289139E023D914D500910C98 /* Info.plist */,
			);
			path = FlixTests;
			sourceTree = "<group>";
		};
		289139E823D914D500910C98 /* FlixUITests */ = {
			isa = PBXGroup;
			children = (
				289139E923D914D500910C98 /* FlixUITests.swift */,
				289139EB23D914D500910C98 /* Info.plist */,
			);
			path = FlixUITests;
			sourceTree = "<group>";
		};
		CB01017F4565236EFDF79BCD /* Frameworks */ = {
			isa = PBXGroup;
			children = (
				69CD56A19F864DDDE9900B49 /* Pods_Flix.framework */,
				D2A4716FC21A72404D120942 /* Pods_Flix_FlixUITests.framework */,
				3699C9FDB439BFEA677B005A /* Pods_FlixTests.framework */,
			);
			name = Frameworks;
			sourceTree = "<group>";
		};
/* End PBXGroup section */

/* Begin PBXNativeTarget section */
		289139C323D914D200910C98 /* Flix */ = {
			isa = PBXNativeTarget;
			buildConfigurationList = 289139EE23D914D500910C98 /* Build configuration list for PBXNativeTarget "Flix" */;
			buildPhases = (
				90FCFD7900F08DC60CF650F4 /* [CP] Check Pods Manifest.lock */,
				289139C023D914D200910C98 /* Sources */,
				289139C123D914D200910C98 /* Frameworks */,
				289139C223D914D200910C98 /* Resources */,
				4125A9CE4F49CBBAE49ED976 /* [CP] Embed Pods Frameworks */,
			);
			buildRules = (
			);
			dependencies = (
			);
			name = Flix;
			productName = Flix;
			productReference = 289139C423D914D200910C98 /* Flix.app */;
			productType = "com.apple.product-type.application";
		};
		289139D923D914D500910C98 /* FlixTests */ = {
			isa = PBXNativeTarget;
			buildConfigurationList = 289139F123D914D500910C98 /* Build configuration list for PBXNativeTarget "FlixTests" */;
			buildPhases = (
				CEB1C9ECB38FC41F1E11FB89 /* [CP] Check Pods Manifest.lock */,
				289139D623D914D500910C98 /* Sources */,
				289139D723D914D500910C98 /* Frameworks */,
				289139D823D914D500910C98 /* Resources */,
			);
			buildRules = (
			);
			dependencies = (
				289139DC23D914D500910C98 /* PBXTargetDependency */,
			);
			name = FlixTests;
			productName = FlixTests;
			productReference = 289139DA23D914D500910C98 /* FlixTests.xctest */;
			productType = "com.apple.product-type.bundle.unit-test";
		};
		289139E423D914D500910C98 /* FlixUITests */ = {
			isa = PBXNativeTarget;
			buildConfigurationList = 289139F423D914D500910C98 /* Build configuration list for PBXNativeTarget "FlixUITests" */;
			buildPhases = (
				1828469FD5B43BAE41C1494F /* [CP] Check Pods Manifest.lock */,
				289139E123D914D500910C98 /* Sources */,
				289139E223D914D500910C98 /* Frameworks */,
				289139E323D914D500910C98 /* Resources */,
				36526A59189C02075162E727 /* [CP] Embed Pods Frameworks */,
			);
			buildRules = (
			);
			dependencies = (
				289139E723D914D500910C98 /* PBXTargetDependency */,
			);
			name = FlixUITests;
			productName = FlixUITests;
			productReference = 289139E523D914D500910C98 /* FlixUITests.xctest */;
			productType = "com.apple.product-type.bundle.ui-testing";
		};
/* End PBXNativeTarget section */

/* Begin PBXProject section */
		289139BC23D914D200910C98 /* Project object */ = {
			isa = PBXProject;
			attributes = {
				LastSwiftUpdateCheck = 1130;
				LastUpgradeCheck = 1130;
				ORGANIZATIONNAME = user162638;
				TargetAttributes = {
					289139C323D914D200910C98 = {
						CreatedOnToolsVersion = 11.3.1;
					};
					289139D923D914D500910C98 = {
						CreatedOnToolsVersion = 11.3.1;
						TestTargetID = 289139C323D914D200910C98;
					};
					289139E423D914D500910C98 = {
						CreatedOnToolsVersion = 11.3.1;
						TestTargetID = 289139C323D914D200910C98;
					};
				};
			};
			buildConfigurationList = 289139BF23D914D200910C98 /* Build configuration list for PBXProject "Flix" */;
			compatibilityVersion = "Xcode 9.3";
			developmentRegion = en;
			hasScannedForEncodings = 0;
			knownRegions = (
				en,
				Base,
			);
			mainGroup = 289139BB23D914D200910C98;
			productRefGroup = 289139C523D914D200910C98 /* Products */;
			projectDirPath = "";
			projectRoot = "";
			targets = (
				289139C323D914D200910C98 /* Flix */,
				289139D923D914D500910C98 /* FlixTests */,
				289139E423D914D500910C98 /* FlixUITests */,
			);
		};
/* End PBXProject section */

/* Begin PBXResourcesBuildPhase section */
		289139C223D914D200910C98 /* Resources */ = {
			isa = PBXResourcesBuildPhase;
			buildActionMask = 2147483647;
			files = (
				289139D423D914D500910C98 /* LaunchScreen.storyboard in Resources */,
				289139D123D914D500910C98 /* Assets.xcassets in Resources */,
				289139CF23D914D200910C98 /* Main.storyboard in Resources */,
			);
			runOnlyForDeploymentPostprocessing = 0;
		};
		289139D823D914D500910C98 /* Resources */ = {
			isa = PBXResourcesBuildPhase;
			buildActionMask = 2147483647;
			files = (
			);
			runOnlyForDeploymentPostprocessing = 0;
		};
		289139E323D914D500910C98 /* Resources */ = {
			isa = PBXResourcesBuildPhase;
			buildActionMask = 2147483647;
			files = (
			);
			runOnlyForDeploymentPostprocessing = 0;
		};
/* End PBXResourcesBuildPhase section */

/* Begin PBXShellScriptBuildPhase section */
		1828469FD5B43BAE41C1494F /* [CP] Check Pods Manifest.lock */ = {
			isa = PBXShellScriptBuildPhase;
			buildActionMask = 2147483647;
			files = (
			);
			inputFileListPaths = (
			);
			inputPaths = (
				"${PODS_PODFILE_DIR_PATH}/Podfile.lock",
				"${PODS_ROOT}/Manifest.lock",
			);
			name = "[CP] Check Pods Manifest.lock";
			outputFileListPaths = (
			);
			outputPaths = (
				"$(DERIVED_FILE_DIR)/Pods-Flix-FlixUITests-checkManifestLockResult.txt",
			);
			runOnlyForDeploymentPostprocessing = 0;
			shellPath = /bin/sh;
			shellScript = "diff \"${PODS_PODFILE_DIR_PATH}/Podfile.lock\" \"${PODS_ROOT}/Manifest.lock\" > /dev/null\nif [ $? != 0 ] ; then\n    # print error to STDERR\n    echo \"error: The sandbox is not in sync with the Podfile.lock. Run 'pod install' or update your CocoaPods installation.\" >&2\n    exit 1\nfi\n# This output is used by Xcode 'outputs' to avoid re-running this script phase.\necho \"SUCCESS\" > \"${SCRIPT_OUTPUT_FILE_0}\"\n";
			showEnvVarsInLog = 0;
		};
		36526A59189C02075162E727 /* [CP] Embed Pods Frameworks */ = {
			isa = PBXShellScriptBuildPhase;
			buildActionMask = 2147483647;
			files = (
			);
			inputFileListPaths = (
				"${PODS_ROOT}/Target Support Files/Pods-Flix-FlixUITests/Pods-Flix-FlixUITests-frameworks-${CONFIGURATION}-input-files.xcfilelist",
			);
			name = "[CP] Embed Pods Frameworks";
			outputFileListPaths = (
				"${PODS_ROOT}/Target Support Files/Pods-Flix-FlixUITests/Pods-Flix-FlixUITests-frameworks-${CONFIGURATION}-output-files.xcfilelist",
			);
			runOnlyForDeploymentPostprocessing = 0;
			shellPath = /bin/sh;
			shellScript = "\"${PODS_ROOT}/Target Support Files/Pods-Flix-FlixUITests/Pods-Flix-FlixUITests-frameworks.sh\"\n";
			showEnvVarsInLog = 0;
		};
		4125A9CE4F49CBBAE49ED976 /* [CP] Embed Pods Frameworks */ = {
			isa = PBXShellScriptBuildPhase;
			buildActionMask = 2147483647;
			files = (
			);
			inputFileListPaths = (
				"${PODS_ROOT}/Target Support Files/Pods-Flix/Pods-Flix-frameworks-${CONFIGURATION}-input-files.xcfilelist",
			);
			name = "[CP] Embed Pods Frameworks";
			outputFileListPaths = (
				"${PODS_ROOT}/Target Support Files/Pods-Flix/Pods-Flix-frameworks-${CONFIGURATION}-output-files.xcfilelist",
			);
			runOnlyForDeploymentPostprocessing = 0;
			shellPath = /bin/sh;
			shellScript = "\"${PODS_ROOT}/Target Support Files/Pods-Flix/Pods-Flix-frameworks.sh\"\n";
			showEnvVarsInLog = 0;
		};
		90FCFD7900F08DC60CF650F4 /* [CP] Check Pods Manifest.lock */ = {
			isa = PBXShellScriptBuildPhase;
			buildActionMask = 2147483647;
			files = (
			);
			inputFileListPaths = (
			);
			inputPaths = (
				"${PODS_PODFILE_DIR_PATH}/Podfile.lock",
				"${PODS_ROOT}/Manifest.lock",
			);
			name = "[CP] Check Pods Manifest.lock";
			outputFileListPaths = (
			);
			outputPaths = (
				"$(DERIVED_FILE_DIR)/Pods-Flix-checkManifestLockResult.txt",
			);
			runOnlyForDeploymentPostprocessing = 0;
			shellPath = /bin/sh;
			shellScript = "diff \"${PODS_PODFILE_DIR_PATH}/Podfile.lock\" \"${PODS_ROOT}/Manifest.lock\" > /dev/null\nif [ $? != 0 ] ; then\n    # print error to STDERR\n    echo \"error: The sandbox is not in sync with the Podfile.lock. Run 'pod install' or update your CocoaPods installation.\" >&2\n    exit 1\nfi\n# This output is used by Xcode 'outputs' to avoid re-running this script phase.\necho \"SUCCESS\" > \"${SCRIPT_OUTPUT_FILE_0}\"\n";
			showEnvVarsInLog = 0;
		};
		CEB1C9ECB38FC41F1E11FB89 /* [CP] Check Pods Manifest.lock */ = {
			isa = PBXShellScriptBuildPhase;
			buildActionMask = 2147483647;
			files = (
			);
			inputFileListPaths = (
			);
			inputPaths = (
				"${PODS_PODFILE_DIR_PATH}/Podfile.lock",
				"${PODS_ROOT}/Manifest.lock",
			);
			name = "[CP] Check Pods Manifest.lock";
			outputFileListPaths = (
			);
			outputPaths = (
				"$(DERIVED_FILE_DIR)/Pods-FlixTests-checkManifestLockResult.txt",
			);
			runOnlyForDeploymentPostprocessing = 0;
			shellPath = /bin/sh;
			shellScript = "diff \"${PODS_PODFILE_DIR_PATH}/Podfile.lock\" \"${PODS_ROOT}/Manifest.lock\" > /dev/null\nif [ $? != 0 ] ; then\n    # print error to STDERR\n    echo \"error: The sandbox is not in sync with the Podfile.lock. Run 'pod install' or update your CocoaPods installation.\" >&2\n    exit 1\nfi\n# This output is used by Xcode 'outputs' to avoid re-running this script phase.\necho \"SUCCESS\" > \"${SCRIPT_OUTPUT_FILE_0}\"\n";
			showEnvVarsInLog = 0;
		};
/* End PBXShellScriptBuildPhase section */

/* Begin PBXSourcesBuildPhase section */
		289139C023D914D200910C98 /* Sources */ = {
			isa = PBXSourcesBuildPhase;
			buildActionMask = 2147483647;
			files = (
				289139C823D914D200910C98 /* AppDelegate.swift in Sources */,
				289139CA23D914D200910C98 /* SceneDelegate.swift in Sources */,
				287A5BD423DA2AD200A81657 /* MovieCell.swift in Sources */,
				289139F823D956AF00910C98 /* MoviesViewController.swift in Sources */,
			);
			runOnlyForDeploymentPostprocessing = 0;
		};
		289139D623D914D500910C98 /* Sources */ = {
			isa = PBXSourcesBuildPhase;
			buildActionMask = 2147483647;
			files = (
				289139DF23D914D500910C98 /* FlixTests.swift in Sources */,
			);
			runOnlyForDeploymentPostprocessing = 0;
		};
		289139E123D914D500910C98 /* Sources */ = {
			isa = PBXSourcesBuildPhase;
			buildActionMask = 2147483647;
			files = (
				289139EA23D914D500910C98 /* FlixUITests.swift in Sources */,
			);
			runOnlyForDeploymentPostprocessing = 0;
		};
/* End PBXSourcesBuildPhase section */

/* Begin PBXTargetDependency section */
		289139DC23D914D500910C98 /* PBXTargetDependency */ = {
			isa = PBXTargetDependency;
			target = 289139C323D914D200910C98 /* Flix */;
			targetProxy = 289139DB23D914D500910C98 /* PBXContainerItemProxy */;
		};
		289139E723D914D500910C98 /* PBXTargetDependency */ = {
			isa = PBXTargetDependency;
			target = 289139C323D914D200910C98 /* Flix */;
			targetProxy = 289139E623D914D500910C98 /* PBXContainerItemProxy */;
		};
/* End PBXTargetDependency section */

/* Begin PBXVariantGroup section */
		289139CD23D914D200910C98 /* Main.storyboard */ = {
			isa = PBXVariantGroup;
			children = (
				289139CE23D914D200910C98 /* Base */,
			);
			name = Main.storyboard;
			sourceTree = "<group>";
		};
		289139D223D914D500910C98 /* LaunchScreen.storyboard */ = {
			isa = PBXVariantGroup;
			children = (
				289139D323D914D500910C98 /* Base */,
			);
			name = LaunchScreen.storyboard;
			sourceTree = "<group>";
		};
/* End PBXVariantGroup section */

/* Begin XCBuildConfiguration section */
		289139EC23D914D500910C98 /* Debug */ = {
			isa = XCBuildConfiguration;
			buildSettings = {
				ALWAYS_SEARCH_USER_PATHS = NO;
				CLANG_ANALYZER_NONNULL = YES;
				CLANG_ANALYZER_NUMBER_OBJECT_CONVERSION = YES_AGGRESSIVE;
				CLANG_CXX_LANGUAGE_STANDARD = "gnu++14";
				CLANG_CXX_LIBRARY = "libc++";
				CLANG_ENABLE_MODULES = YES;
				CLANG_ENABLE_OBJC_ARC = YES;
				CLANG_ENABLE_OBJC_WEAK = YES;
				CLANG_WARN_BLOCK_CAPTURE_AUTORELEASING = YES;
				CLANG_WARN_BOOL_CONVERSION = YES;
				CLANG_WARN_COMMA = YES;
				CLANG_WARN_CONSTANT_CONVERSION = YES;
				CLANG_WARN_DEPRECATED_OBJC_IMPLEMENTATIONS = YES;
				CLANG_WARN_DIRECT_OBJC_ISA_USAGE = YES_ERROR;
				CLANG_WARN_DOCUMENTATION_COMMENTS = YES;
				CLANG_WARN_EMPTY_BODY = YES;
				CLANG_WARN_ENUM_CONVERSION = YES;
				CLANG_WARN_INFINITE_RECURSION = YES;
				CLANG_WARN_INT_CONVERSION = YES;
				CLANG_WARN_NON_LITERAL_NULL_CONVERSION = YES;
				CLANG_WARN_OBJC_IMPLICIT_RETAIN_SELF = YES;
				CLANG_WARN_OBJC_LITERAL_CONVERSION = YES;
				CLANG_WARN_OBJC_ROOT_CLASS = YES_ERROR;
				CLANG_WARN_RANGE_LOOP_ANALYSIS = YES;
				CLANG_WARN_STRICT_PROTOTYPES = YES;
				CLANG_WARN_SUSPICIOUS_MOVE = YES;
				CLANG_WARN_UNGUARDED_AVAILABILITY = YES_AGGRESSIVE;
				CLANG_WARN_UNREACHABLE_CODE = YES;
				CLANG_WARN__DUPLICATE_METHOD_MATCH = YES;
				COPY_PHASE_STRIP = NO;
				DEBUG_INFORMATION_FORMAT = dwarf;
				ENABLE_STRICT_OBJC_MSGSEND = YES;
				ENABLE_TESTABILITY = YES;
				GCC_C_LANGUAGE_STANDARD = gnu11;
				GCC_DYNAMIC_NO_PIC = NO;
				GCC_NO_COMMON_BLOCKS = YES;
				GCC_OPTIMIZATION_LEVEL = 0;
				GCC_PREPROCESSOR_DEFINITIONS = (
					"DEBUG=1",
					"$(inherited)",
				);
				GCC_WARN_64_TO_32_BIT_CONVERSION = YES;
				GCC_WARN_ABOUT_RETURN_TYPE = YES_ERROR;
				GCC_WARN_UNDECLARED_SELECTOR = YES;
				GCC_WARN_UNINITIALIZED_AUTOS = YES_AGGRESSIVE;
				GCC_WARN_UNUSED_FUNCTION = YES;
				GCC_WARN_UNUSED_VARIABLE = YES;
				IPHONEOS_DEPLOYMENT_TARGET = 13.2;
				MTL_ENABLE_DEBUG_INFO = INCLUDE_SOURCE;
				MTL_FAST_MATH = YES;
				ONLY_ACTIVE_ARCH = YES;
				SDKROOT = iphoneos;
				SWIFT_ACTIVE_COMPILATION_CONDITIONS = DEBUG;
				SWIFT_OPTIMIZATION_LEVEL = "-Onone";
			};
			name = Debug;
		};
		289139ED23D914D500910C98 /* Release */ = {
			isa = XCBuildConfiguration;
			buildSettings = {
				ALWAYS_SEARCH_USER_PATHS = NO;
				CLANG_ANALYZER_NONNULL = YES;
				CLANG_ANALYZER_NUMBER_OBJECT_CONVERSION = YES_AGGRESSIVE;
				CLANG_CXX_LANGUAGE_STANDARD = "gnu++14";
				CLANG_CXX_LIBRARY = "libc++";
				CLANG_ENABLE_MODULES = YES;
				CLANG_ENABLE_OBJC_ARC = YES;
				CLANG_ENABLE_OBJC_WEAK = YES;
				CLANG_WARN_BLOCK_CAPTURE_AUTORELEASING = YES;
				CLANG_WARN_BOOL_CONVERSION = YES;
				CLANG_WARN_COMMA = YES;
				CLANG_WARN_CONSTANT_CONVERSION = YES;
				CLANG_WARN_DEPRECATED_OBJC_IMPLEMENTATIONS = YES;
				CLANG_WARN_DIRECT_OBJC_ISA_USAGE = YES_ERROR;
				CLANG_WARN_DOCUMENTATION_COMMENTS = YES;
				CLANG_WARN_EMPTY_BODY = YES;
				CLANG_WARN_ENUM_CONVERSION = YES;
				CLANG_WARN_INFINITE_RECURSION = YES;
				CLANG_WARN_INT_CONVERSION = YES;
				CLANG_WARN_NON_LITERAL_NULL_CONVERSION = YES;
				CLANG_WARN_OBJC_IMPLICIT_RETAIN_SELF = YES;
				CLANG_WARN_OBJC_LITERAL_CONVERSION = YES;
				CLANG_WARN_OBJC_ROOT_CLASS = YES_ERROR;
				CLANG_WARN_RANGE_LOOP_ANALYSIS = YES;
				CLANG_WARN_STRICT_PROTOTYPES = YES;
				CLANG_WARN_SUSPICIOUS_MOVE = YES;
				CLANG_WARN_UNGUARDED_AVAILABILITY = YES_AGGRESSIVE;
				CLANG_WARN_UNREACHABLE_CODE = YES;
				CLANG_WARN__DUPLICATE_METHOD_MATCH = YES;
				COPY_PHASE_STRIP = NO;
				DEBUG_INFORMATION_FORMAT = "dwarf-with-dsym";
				ENABLE_NS_ASSERTIONS = NO;
				ENABLE_STRICT_OBJC_MSGSEND = YES;
				GCC_C_LANGUAGE_STANDARD = gnu11;
				GCC_NO_COMMON_BLOCKS = YES;
				GCC_WARN_64_TO_32_BIT_CONVERSION = YES;
				GCC_WARN_ABOUT_RETURN_TYPE = YES_ERROR;
				GCC_WARN_UNDECLARED_SELECTOR = YES;
				GCC_WARN_UNINITIALIZED_AUTOS = YES_AGGRESSIVE;
				GCC_WARN_UNUSED_FUNCTION = YES;
				GCC_WARN_UNUSED_VARIABLE = YES;
				IPHONEOS_DEPLOYMENT_TARGET = 13.2;
				MTL_ENABLE_DEBUG_INFO = NO;
				MTL_FAST_MATH = YES;
				SDKROOT = iphoneos;
				SWIFT_COMPILATION_MODE = wholemodule;
				SWIFT_OPTIMIZATION_LEVEL = "-O";
				VALIDATE_PRODUCT = YES;
			};
			name = Release;
		};
		289139EF23D914D500910C98 /* Debug */ = {
			isa = XCBuildConfiguration;
			baseConfigurationReference = C1ED290BB145147A9C851E9B /* Pods-Flix.debug.xcconfig */;
			buildSettings = {
				ASSETCATALOG_COMPILER_APPICON_NAME = AppIcon;
				CODE_SIGN_STYLE = Automatic;
				INFOPLIST_FILE = Flix/Info.plist;
				LD_RUNPATH_SEARCH_PATHS = (
					"$(inherited)",
					"@executable_path/Frameworks",
				);
				PRODUCT_BUNDLE_IDENTIFIER = com.user162638.Flix;
				PRODUCT_NAME = "$(TARGET_NAME)";
				SWIFT_VERSION = 5.0;
				TARGETED_DEVICE_FAMILY = "1,2";
			};
			name = Debug;
		};
		289139F023D914D500910C98 /* Release */ = {
			isa = XCBuildConfiguration;
			baseConfigurationReference = DFF8EA88F566F191F68B6FA6 /* Pods-Flix.release.xcconfig */;
			buildSettings = {
				ASSETCATALOG_COMPILER_APPICON_NAME = AppIcon;
				CODE_SIGN_STYLE = Automatic;
				INFOPLIST_FILE = Flix/Info.plist;
				LD_RUNPATH_SEARCH_PATHS = (
					"$(inherited)",
					"@executable_path/Frameworks",
				);
				PRODUCT_BUNDLE_IDENTIFIER = com.user162638.Flix;
				PRODUCT_NAME = "$(TARGET_NAME)";
				SWIFT_VERSION = 5.0;
				TARGETED_DEVICE_FAMILY = "1,2";
			};
			name = Release;
		};
		289139F223D914D500910C98 /* Debug */ = {
			isa = XCBuildConfiguration;
			baseConfigurationReference = 39DCBDC0D9A6B84EF3F009B9 /* Pods-FlixTests.debug.xcconfig */;
			buildSettings = {
				ALWAYS_EMBED_SWIFT_STANDARD_LIBRARIES = YES;
				BUNDLE_LOADER = "$(TEST_HOST)";
				CODE_SIGN_STYLE = Automatic;
				INFOPLIST_FILE = FlixTests/Info.plist;
				IPHONEOS_DEPLOYMENT_TARGET = 13.2;
				LD_RUNPATH_SEARCH_PATHS = (
					"$(inherited)",
					"@executable_path/Frameworks",
					"@loader_path/Frameworks",
				);
				PRODUCT_BUNDLE_IDENTIFIER = com.user162638.FlixTests;
				PRODUCT_NAME = "$(TARGET_NAME)";
				SWIFT_VERSION = 5.0;
				TARGETED_DEVICE_FAMILY = "1,2";
				TEST_HOST = "$(BUILT_PRODUCTS_DIR)/Flix.app/Flix";
			};
			name = Debug;
		};
		289139F323D914D500910C98 /* Release */ = {
			isa = XCBuildConfiguration;
			baseConfigurationReference = 16F40D3C981EA62FE909C849 /* Pods-FlixTests.release.xcconfig */;
			buildSettings = {
				ALWAYS_EMBED_SWIFT_STANDARD_LIBRARIES = YES;
				BUNDLE_LOADER = "$(TEST_HOST)";
				CODE_SIGN_STYLE = Automatic;
				INFOPLIST_FILE = FlixTests/Info.plist;
				IPHONEOS_DEPLOYMENT_TARGET = 13.2;
				LD_RUNPATH_SEARCH_PATHS = (
					"$(inherited)",
					"@executable_path/Frameworks",
					"@loader_path/Frameworks",
				);
				PRODUCT_BUNDLE_IDENTIFIER = com.user162638.FlixTests;
				PRODUCT_NAME = "$(TARGET_NAME)";
				SWIFT_VERSION = 5.0;
				TARGETED_DEVICE_FAMILY = "1,2";
				TEST_HOST = "$(BUILT_PRODUCTS_DIR)/Flix.app/Flix";
			};
			name = Release;
		};
		289139F523D914D500910C98 /* Debug */ = {
			isa = XCBuildConfiguration;
			baseConfigurationReference = 6FDDC00D3184181DFE151E83 /* Pods-Flix-FlixUITests.debug.xcconfig */;
			buildSettings = {
				ALWAYS_EMBED_SWIFT_STANDARD_LIBRARIES = YES;
				CODE_SIGN_STYLE = Automatic;
				INFOPLIST_FILE = FlixUITests/Info.plist;
				LD_RUNPATH_SEARCH_PATHS = (
					"$(inherited)",
					"@executable_path/Frameworks",
					"@loader_path/Frameworks",
				);
				PRODUCT_BUNDLE_IDENTIFIER = com.user162638.FlixUITests;
				PRODUCT_NAME = "$(TARGET_NAME)";
				SWIFT_VERSION = 5.0;
				TARGETED_DEVICE_FAMILY = "1,2";
				TEST_TARGET_NAME = Flix;
			};
			name = Debug;
		};
		289139F623D914D500910C98 /* Release */ = {
			isa = XCBuildConfiguration;
			baseConfigurationReference = 80FF938168D5BC99FF455A89 /* Pods-Flix-FlixUITests.release.xcconfig */;
			buildSettings = {
				ALWAYS_EMBED_SWIFT_STANDARD_LIBRARIES = YES;
				CODE_SIGN_STYLE = Automatic;
				INFOPLIST_FILE = FlixUITests/Info.plist;
				LD_RUNPATH_SEARCH_PATHS = (
					"$(inherited)",
					"@executable_path/Frameworks",
					"@loader_path/Frameworks",
				);
				PRODUCT_BUNDLE_IDENTIFIER = com.user162638.FlixUITests;
				PRODUCT_NAME = "$(TARGET_NAME)";
				SWIFT_VERSION = 5.0;
				TARGETED_DEVICE_FAMILY = "1,2";
				TEST_TARGET_NAME = Flix;
			};
			name = Release;
		};
/* End XCBuildConfiguration section */

/* Begin XCConfigurationList section */
		289139BF23D914D200910C98 /* Build configuration list for PBXProject "Flix" */ = {
			isa = XCConfigurationList;
			buildConfigurations = (
				289139EC23D914D500910C98 /* Debug */,
				289139ED23D914D500910C98 /* Release */,
			);
			defaultConfigurationIsVisible = 0;
			defaultConfigurationName = Release;
		};
		289139EE23D914D500910C98 /* Build configuration list for PBXNativeTarget "Flix" */ = {
			isa = XCConfigurationList;
			buildConfigurations = (
				289139EF23D914D500910C98 /* Debug */,
				289139F023D914D500910C98 /* Release */,
			);
			defaultConfigurationIsVisible = 0;
			defaultConfigurationName = Release;
		};
		289139F123D914D500910C98 /* Build configuration list for PBXNativeTarget "FlixTests" */ = {
			isa = XCConfigurationList;
			buildConfigurations = (
				289139F223D914D500910C98 /* Debug */,
				289139F323D914D500910C98 /* Release */,
			);
			defaultConfigurationIsVisible = 0;
			defaultConfigurationName = Release;
		};
		289139F423D914D500910C98 /* Build configuration list for PBXNativeTarget "FlixUITests" */ = {
			isa = XCConfigurationList;
			buildConfigurations = (
				289139F523D914D500910C98 /* Debug */,
				289139F623D914D500910C98 /* Release */,
			);
			defaultConfigurationIsVisible = 0;
			defaultConfigurationName = Release;
		};
/* End XCConfigurationList section */
	};
	rootObject = 289139BC23D914D200910C98 /* Project object */;
}
